
Microsoft Visual Studio Solution File, Format Version 12.00
# Visual Studio Version 17
VisualStudioVersion = 17.0.32126.317
MinimumVisualStudioVersion = 10.0.40219.1
Project("{FAE04EC0-301F-11D3-BF4B-00C04F79EFBC}") = "Practica1", "Practica1\Practica1.csproj", "{11C1AB14-F551-4A42-986C-BEA3A45DDE65}"
EndProject
Global
	GlobalSection(SolutionConfigurationPlatforms) = preSolution
		Debug|Any CPU = Debug|Any CPU
		Release|Any CPU = Release|Any CPU
	EndGlobalSection
	GlobalSection(ProjectConfigurationPlatforms) = postSolution
		{11C1AB14-F551-4A42-986C-BEA3A45DDE65}.Debug|Any CPU.ActiveCfg = Debug|Any CPU
		{11C1AB14-F551-4A42-986C-BEA3A45DDE65}.Debug|Any CPU.Build.0 = Debug|Any CPU
		{11C1AB14-F551-4A42-986C-BEA3A45DDE65}.Release|Any CPU.ActiveCfg = Release|Any CPU
		{11C1AB14-F551-4A42-986C-BEA3A45DDE65}.Release|Any CPU.Build.0 = Release|Any CPU
	EndGlobalSection
	GlobalSection(SolutionProperties) = preSolution
		HideSolutionNode = FALSE
	EndGlobalSection
	GlobalSection(ExtensibilityGlobals) = postSolution
		SolutionGuid = {9A284487-F30B-4829-80FA-B84EF0E47016}
	EndGlobalSection
EndGlobal
